{
  "name": "graphql-api",
  "version": "1.0.0",
  "lockfileVersion": 1,
  "requires": true,
  "dependencies": {
    "graphql": {
      "version": "16.0.1",
      "resolved": "https://registry.npmjs.org/graphql/-/graphql-16.0.1.tgz",
      "integrity": "sha512-oPvCuu6dlLdiz8gZupJ47o1clgb72r1u8NDBcQYjcV6G/iEdmE11B1bBlkhXRvV0LisP/SXRFP7tT6AgaTjpzg=="
    }
  }
}
